
Microsoft Visual Studio Solution File, Format Version 12.00
# Visual Studio Version 17
VisualStudioVersion = 17.4.33213.308
MinimumVisualStudioVersion = 10.0.40219.1
Project("{9A19103F-16F7-4668-BE54-9A1E7A4F7556}") = "ShopApi", "ShopApi\ShopApi.csproj", "{D5E89A78-6AF0-46DD-985C-2D6CB3168135}"
EndProject
Project("{9A19103F-16F7-4668-BE54-9A1E7A4F7556}") = "DataAccess", "DataAccess\DataAccess.csproj", "{AD1BCDB5-ACD4-4301-AD8C-328A349A75E0}"
EndProject
Project("{9A19103F-16F7-4668-BE54-9A1E7A4F7556}") = "IdentityServer", "IdentityServer\IdentityServer.csproj", "{6083F5A5-076D-46BF-A4AC-0A5E68B9CDE2}"
EndProject
Project("{9A19103F-16F7-4668-BE54-9A1E7A4F7556}") = "Client", "Client\Client.csproj", "{0EFE9955-9E18-42AB-9629-7A3FFFB0EA56}"
EndProject
Global
	GlobalSection(SolutionConfigurationPlatforms) = preSolution
		Debug|Any CPU = Debug|Any CPU
		Release|Any CPU = Release|Any CPU
	EndGlobalSection
	GlobalSection(ProjectConfigurationPlatforms) = postSolution
		{D5E89A78-6AF0-46DD-985C-2D6CB3168135}.Debug|Any CPU.ActiveCfg = Debug|Any CPU
		{D5E89A78-6AF0-46DD-985C-2D6CB3168135}.Debug|Any CPU.Build.0 = Debug|Any CPU
		{D5E89A78-6AF0-46DD-985C-2D6CB3168135}.Release|Any CPU.ActiveCfg = Release|Any CPU
		{D5E89A78-6AF0-46DD-985C-2D6CB3168135}.Release|Any CPU.Build.0 = Release|Any CPU
		{AD1BCDB5-ACD4-4301-AD8C-328A349A75E0}.Debug|Any CPU.ActiveCfg = Debug|Any CPU
		{AD1BCDB5-ACD4-4301-AD8C-328A349A75E0}.Debug|Any CPU.Build.0 = Debug|Any CPU
		{AD1BCDB5-ACD4-4301-AD8C-328A349A75E0}.Release|Any CPU.ActiveCfg = Release|Any CPU
		{AD1BCDB5-ACD4-4301-AD8C-328A349A75E0}.Release|Any CPU.Build.0 = Release|Any CPU
		{6083F5A5-076D-46BF-A4AC-0A5E68B9CDE2}.Debug|Any CPU.ActiveCfg = Debug|Any CPU
		{6083F5A5-076D-46BF-A4AC-0A5E68B9CDE2}.Debug|Any CPU.Build.0 = Debug|Any CPU
		{6083F5A5-076D-46BF-A4AC-0A5E68B9CDE2}.Release|Any CPU.ActiveCfg = Release|Any CPU
		{6083F5A5-076D-46BF-A4AC-0A5E68B9CDE2}.Release|Any CPU.Build.0 = Release|Any CPU
		{0EFE9955-9E18-42AB-9629-7A3FFFB0EA56}.Debug|Any CPU.ActiveCfg = Debug|Any CPU
		{0EFE9955-9E18-42AB-9629-7A3FFFB0EA56}.Debug|Any CPU.Build.0 = Debug|Any CPU
		{0EFE9955-9E18-42AB-9629-7A3FFFB0EA56}.Release|Any CPU.ActiveCfg = Release|Any CPU
		{0EFE9955-9E18-42AB-9629-7A3FFFB0EA56}.Release|Any CPU.Build.0 = Release|Any CPU
	EndGlobalSection
	GlobalSection(SolutionProperties) = preSolution
		HideSolutionNode = FALSE
	EndGlobalSection
	GlobalSection(ExtensibilityGlobals) = postSolution
		SolutionGuid = {86E62613-F66F-4F72-BE3E-6F4E01393E9A}
	EndGlobalSection
EndGlobal
